<?xml version="1.0" encoding="utf-8"?>
<Project ToolsVersion="4.0" xmlns="http://schemas.microsoft.com/developer/msbuild/2003">
  <ItemGroup>
    <Filter Include="Prism">
      <UniqueIdentifier>{90F9E60D-FC0D-0FBF-C58F-B21E31630BF0}</UniqueIdentifier>
    </Filter>
  </ItemGroup>
  <ItemGroup>
    <ClInclude Include="src\Prism.h" />
    <ClInclude Include="src\Prism\Application.h">
      <Filter>Prism</Filter>
    </ClInclude>
    <ClInclude Include="src\Prism\Core.h">
      <Filter>Prism</Filter>
    </ClInclude>
    <ClInclude Include="src\Prism\EntryPoint.h">
      <Filter>Prism</Filter>
    </ClInclude>
    <ClInclude Include="src\Prism\Log.h">
      <Filter>Prism</Filter>
    </ClInclude>
  </ItemGroup>
  <ItemGroup>
    <ClCompile Include="src\Prism\Application.cpp">
      <Filter>Prism</Filter>
    </ClCompile>
    <ClCompile Include="src\Prism\Log.cpp">
      <Filter>Prism</Filter>
    </ClCompile>
  </ItemGroup>
</Project>