
Microsoft Visual Studio Solution File, Format Version 12.00
# Visual Studio Version 16
VisualStudioVersion = 16.0.30523.141
MinimumVisualStudioVersion = 10.0.40219.1
Project("{8BC9CEB8-8B4A-11D0-8D11-00A0C91BC942}") = "Sandbox", "Sandbox\Sandbox.vcxproj", "{5F0E749B-8C47-4E57-A6A7-2A2464FCDDE3}"
EndProject
Project("{8BC9CEB8-8B4A-11D0-8D11-00A0C91BC942}") = "Prism", "Prism\Prism.vcxproj", "{9142D37C-C4E3-4F24-A790-F1E0ADDAF7F8}"
EndProject
Global
	GlobalSection(SolutionConfigurationPlatforms) = preSolution
		Debug|x64 = Debug|x64
		Release|x64 = Release|x64
	EndGlobalSection
	GlobalSection(ProjectConfigurationPlatforms) = postSolution
		{9142D37C-C4E3-4F24-A790-F1E0ADDAF7F8}.Debug|x64.ActiveCfg = Debug|x64
		{9142D37C-C4E3-4F24-A790-F1E0ADDAF7F8}.Debug|x64.Build.0 = Debug|x64
		{9142D37C-C4E3-4F24-A790-F1E0ADDAF7F8}.Release|x64.ActiveCfg = Release|x64
		{9142D37C-C4E3-4F24-A790-F1E0ADDAF7F8}.Release|x64.Build.0 = Release|x64
		{5F0E749B-8C47-4E57-A6A7-2A2464FCDDE3}.Debug|x64.ActiveCfg = Debug|x64
		{5F0E749B-8C47-4E57-A6A7-2A2464FCDDE3}.Debug|x64.Build.0 = Debug|x64
		{5F0E749B-8C47-4E57-A6A7-2A2464FCDDE3}.Release|x64.ActiveCfg = Release|x64
		{5F0E749B-8C47-4E57-A6A7-2A2464FCDDE3}.Release|x64.Build.0 = Release|x64
	EndGlobalSection
	GlobalSection(SolutionProperties) = preSolution
		HideSolutionNode = FALSE
	EndGlobalSection
	GlobalSection(ExtensibilityGlobals) = postSolution
		SolutionGuid = {81FE02E0-6B97-403D-A547-525E1E765F57}
	EndGlobalSection
EndGlobal
